
Microsoft Visual Studio Solution File, Format Version 12.00
# Visual Studio Version 16
VisualStudioVersion = 16.0.30413.136
MinimumVisualStudioVersion = 10.0.40219.1
Project("{FAE04EC0-301F-11D3-BF4B-00C04F79EFBC}") = "PracticWebApplication", "PracticWebApplication\PracticWebApplication.csproj", "{20202A62-5B51-4C59-B2C3-6D294AA1274B}"
EndProject
Global
	GlobalSection(SolutionConfigurationPlatforms) = preSolution
		Debug|Any CPU = Debug|Any CPU
		Release|Any CPU = Release|Any CPU
	EndGlobalSection
	GlobalSection(ProjectConfigurationPlatforms) = postSolution
		{20202A62-5B51-4C59-B2C3-6D294AA1274B}.Debug|Any CPU.ActiveCfg = Debug|Any CPU
		{20202A62-5B51-4C59-B2C3-6D294AA1274B}.Debug|Any CPU.Build.0 = Debug|Any CPU
		{20202A62-5B51-4C59-B2C3-6D294AA1274B}.Release|Any CPU.ActiveCfg = Release|Any CPU
		{20202A62-5B51-4C59-B2C3-6D294AA1274B}.Release|Any CPU.Build.0 = Release|Any CPU
	EndGlobalSection
	GlobalSection(SolutionProperties) = preSolution
		HideSolutionNode = FALSE
	EndGlobalSection
	GlobalSection(ExtensibilityGlobals) = postSolution
		SolutionGuid = {230A6205-9675-4921-B217-198882F6DA34}
	EndGlobalSection
EndGlobal
